
Microsoft Visual Studio Solution File, Format Version 12.00
# Visual Studio Version 17
VisualStudioVersion = 17.8.34330.188
MinimumVisualStudioVersion = 10.0.40219.1
Project("{FAE04EC0-301F-11D3-BF4B-00C04F79EFBC}") = "AppStructuer", "AppStructuer\AppStructuer.csproj", "{9DCD2A8C-6DEF-4CC9-9764-454933191310}"
EndProject
Global
	GlobalSection(SolutionConfigurationPlatforms) = preSolution
		Debug|Any CPU = Debug|Any CPU
		Release|Any CPU = Release|Any CPU
	EndGlobalSection
	GlobalSection(ProjectConfigurationPlatforms) = postSolution
		{9DCD2A8C-6DEF-4CC9-9764-454933191310}.Debug|Any CPU.ActiveCfg = Debug|Any CPU
		{9DCD2A8C-6DEF-4CC9-9764-454933191310}.Debug|Any CPU.Build.0 = Debug|Any CPU
		{9DCD2A8C-6DEF-4CC9-9764-454933191310}.Release|Any CPU.ActiveCfg = Release|Any CPU
		{9DCD2A8C-6DEF-4CC9-9764-454933191310}.Release|Any CPU.Build.0 = Release|Any CPU
	EndGlobalSection
	GlobalSection(SolutionProperties) = preSolution
		HideSolutionNode = FALSE
	EndGlobalSection
	GlobalSection(ExtensibilityGlobals) = postSolution
		SolutionGuid = {C55A320D-BCDB-47DC-8298-38B50F0CC564}
	EndGlobalSection
EndGlobal
